// !$*UTF8*$!
{
	archiveVersion = 1;
	classes = {
	};
	objectVersion = 51;
	objects = {

/* Begin PBXBuildFile section */
		28FE30F206BFF4F11BF0255E /* Pods_letsmovie.framework in Frameworks */ = {isa = PBXBuildFile; fileRef = 2BE8F6C5677D4A2209F3A165 /* Pods_letsmovie.framework */; };
		311EEADEDEBA5CC9F18AAF51 /* Pods_letsmovieTests.framework in Frameworks */ = {isa = PBXBuildFile; fileRef = FF3682695E62EBC69ADAF966 /* Pods_letsmovieTests.framework */; };
		AE02AA4123798E8000185B47 /* AppDelegate.swift in Sources */ = {isa = PBXBuildFile; fileRef = AE02AA4023798E8000185B47 /* AppDelegate.swift */; };
		AE02AA4323798E8000185B47 /* SceneDelegate.swift in Sources */ = {isa = PBXBuildFile; fileRef = AE02AA4223798E8000185B47 /* SceneDelegate.swift */; };
		AE02AA4823798E8000185B47 /* Main.storyboard in Resources */ = {isa = PBXBuildFile; fileRef = AE02AA4623798E8000185B47 /* Main.storyboard */; };
		AE02AA4A23798E8000185B47 /* Assets.xcassets in Resources */ = {isa = PBXBuildFile; fileRef = AE02AA4923798E8000185B47 /* Assets.xcassets */; };
		AE02AA4D23798E8000185B47 /* LaunchScreen.storyboard in Resources */ = {isa = PBXBuildFile; fileRef = AE02AA4B23798E8000185B47 /* LaunchScreen.storyboard */; };
		AE02AA5823798E8000185B47 /* letsmovieTests.swift in Sources */ = {isa = PBXBuildFile; fileRef = AE02AA5723798E8000185B47 /* letsmovieTests.swift */; };
		AE7F01A52383E5FB0030F1F2 /* DiscoverPosterSection.swift in Sources */ = {isa = PBXBuildFile; fileRef = AE7F01A42383E5FB0030F1F2 /* DiscoverPosterSection.swift */; };
		AE7F01A72383FB3E0030F1F2 /* SeeAllFooter.swift in Sources */ = {isa = PBXBuildFile; fileRef = AE7F01A62383FB3E0030F1F2 /* SeeAllFooter.swift */; };
		AE7F01AA238525350030F1F2 /* MovieController.swift in Sources */ = {isa = PBXBuildFile; fileRef = AE7F01A9238525350030F1F2 /* MovieController.swift */; };
		AE7F01AC23854A6B0030F1F2 /* StretchyHeaderFlowLayout.swift in Sources */ = {isa = PBXBuildFile; fileRef = AE7F01AB23854A6B0030F1F2 /* StretchyHeaderFlowLayout.swift */; };
		AE7F01AE238585500030F1F2 /* MovieHeader.swift in Sources */ = {isa = PBXBuildFile; fileRef = AE7F01AD238585500030F1F2 /* MovieHeader.swift */; };
		AEBB550A237C106800E1B957 /* ViewModelBindableType.swift in Sources */ = {isa = PBXBuildFile; fileRef = AEBB5509237C106800E1B957 /* ViewModelBindableType.swift */; };
		AEBB550D237C11C800E1B957 /* BaseTabBarController.swift in Sources */ = {isa = PBXBuildFile; fileRef = AEBB550C237C11C800E1B957 /* BaseTabBarController.swift */; };
		AEBB5511237C129200E1B957 /* DiscoverController.swift in Sources */ = {isa = PBXBuildFile; fileRef = AEBB5510237C129200E1B957 /* DiscoverController.swift */; };
		AEBB5513237C12B300E1B957 /* MeController.swift in Sources */ = {isa = PBXBuildFile; fileRef = AEBB5512237C12B200E1B957 /* MeController.swift */; };
		AEBB5516237D5AD900E1B957 /* PageCell.swift in Sources */ = {isa = PBXBuildFile; fileRef = AEBB5515237D5AD900E1B957 /* PageCell.swift */; };
		AEBB551A237D6AA800E1B957 /* PosterController.swift in Sources */ = {isa = PBXBuildFile; fileRef = AEBB5519237D6AA800E1B957 /* PosterController.swift */; };
		AEBB551C237D6EA300E1B957 /* PosterCell.swift in Sources */ = {isa = PBXBuildFile; fileRef = AEBB551B237D6EA300E1B957 /* PosterCell.swift */; };
		AEBB551E237D79EC00E1B957 /* DiscoverHeader.swift in Sources */ = {isa = PBXBuildFile; fileRef = AEBB551D237D79EC00E1B957 /* DiscoverHeader.swift */; };
		AEBB5522237D80CF00E1B957 /* DiscoverCell.swift in Sources */ = {isa = PBXBuildFile; fileRef = AEBB5521237D80CF00E1B957 /* DiscoverCell.swift */; };
		AEBB5524237D821300E1B957 /* DiscoverPosterController.swift in Sources */ = {isa = PBXBuildFile; fileRef = AEBB5523237D821300E1B957 /* DiscoverPosterController.swift */; };
		AEBB5526237DC56300E1B957 /* SnappingHorizontalFlowLayout.swift in Sources */ = {isa = PBXBuildFile; fileRef = AEBB5525237DC56300E1B957 /* SnappingHorizontalFlowLayout.swift */; };
		AEBB552F237E99D500E1B957 /* Keys.swift in Sources */ = {isa = PBXBuildFile; fileRef = AEBB552E237E99D500E1B957 /* Keys.swift */; };
		AEBB5531237E9A2600E1B957 /* Router.swift in Sources */ = {isa = PBXBuildFile; fileRef = AEBB5530237E9A2600E1B957 /* Router.swift */; };
		AEBB5533237EBB7900E1B957 /* ApiManager.swift in Sources */ = {isa = PBXBuildFile; fileRef = AEBB5532237EBB7900E1B957 /* ApiManager.swift */; };
		AEBB5536237EE69B00E1B957 /* DiscoverViewModel.swift in Sources */ = {isa = PBXBuildFile; fileRef = AEBB5535237EE69B00E1B957 /* DiscoverViewModel.swift */; };
		AEBB553823829D1400E1B957 /* DiscoverSection.swift in Sources */ = {isa = PBXBuildFile; fileRef = AEBB553723829D1400E1B957 /* DiscoverSection.swift */; };
		AEBB553A2382B06300E1B957 /* DiscoverPosterViewModel.swift in Sources */ = {isa = PBXBuildFile; fileRef = AEBB55392382B06300E1B957 /* DiscoverPosterViewModel.swift */; };
		AEBB553C2382C1F500E1B957 /* DiscoverPoster.swift in Sources */ = {isa = PBXBuildFile; fileRef = AEBB553B2382C1F500E1B957 /* DiscoverPoster.swift */; };
		AEBB553E238320A800E1B957 /* DiscoverSeeAllController.swift in Sources */ = {isa = PBXBuildFile; fileRef = AEBB553D238320A800E1B957 /* DiscoverSeeAllController.swift */; };
		AEBB55422383262400E1B957 /* BackEnabledNavigationController.swift in Sources */ = {isa = PBXBuildFile; fileRef = AEBB55412383262400E1B957 /* BackEnabledNavigationController.swift */; };
/* End PBXBuildFile section */

/* Begin PBXContainerItemProxy section */
		AE02AA5423798E8000185B47 /* PBXContainerItemProxy */ = {
			isa = PBXContainerItemProxy;
			containerPortal = AE02AA3523798E8000185B47 /* Project object */;
			proxyType = 1;
			remoteGlobalIDString = AE02AA3C23798E8000185B47;
			remoteInfo = letsmovie;
		};
/* End PBXContainerItemProxy section */

/* Begin PBXFileReference section */
		1A9F436751D9597C6D631FB0 /* Pods-letsmovie.debug.xcconfig */ = {isa = PBXFileReference; includeInIndex = 1; lastKnownFileType = text.xcconfig; name = "Pods-letsmovie.debug.xcconfig"; path = "Target Support Files/Pods-letsmovie/Pods-letsmovie.debug.xcconfig"; sourceTree = "<group>"; };
		2BE8F6C5677D4A2209F3A165 /* Pods_letsmovie.framework */ = {isa = PBXFileReference; explicitFileType = wrapper.framework; includeInIndex = 0; path = Pods_letsmovie.framework; sourceTree = BUILT_PRODUCTS_DIR; };
		305906384839D7A293D166A5 /* Pods-letsmovieTests.release.xcconfig */ = {isa = PBXFileReference; includeInIndex = 1; lastKnownFileType = text.xcconfig; name = "Pods-letsmovieTests.release.xcconfig"; path = "Target Support Files/Pods-letsmovieTests/Pods-letsmovieTests.release.xcconfig"; sourceTree = "<group>"; };
		5DE22832A3D1E39A726AE8E5 /* Pods-letsmovieTests.debug.xcconfig */ = {isa = PBXFileReference; includeInIndex = 1; lastKnownFileType = text.xcconfig; name = "Pods-letsmovieTests.debug.xcconfig"; path = "Target Support Files/Pods-letsmovieTests/Pods-letsmovieTests.debug.xcconfig"; sourceTree = "<group>"; };
		904D584F5C4C4FFABFC6D36F /* Pods-letsmovie.release.xcconfig */ = {isa = PBXFileReference; includeInIndex = 1; lastKnownFileType = text.xcconfig; name = "Pods-letsmovie.release.xcconfig"; path = "Target Support Files/Pods-letsmovie/Pods-letsmovie.release.xcconfig"; sourceTree = "<group>"; };
		AE02AA3D23798E8000185B47 /* letsmovie.app */ = {isa = PBXFileReference; explicitFileType = wrapper.application; includeInIndex = 0; path = letsmovie.app; sourceTree = BUILT_PRODUCTS_DIR; };
		AE02AA4023798E8000185B47 /* AppDelegate.swift */ = {isa = PBXFileReference; lastKnownFileType = sourcecode.swift; path = AppDelegate.swift; sourceTree = "<group>"; };
		AE02AA4223798E8000185B47 /* SceneDelegate.swift */ = {isa = PBXFileReference; lastKnownFileType = sourcecode.swift; path = SceneDelegate.swift; sourceTree = "<group>"; };
		AE02AA4723798E8000185B47 /* Base */ = {isa = PBXFileReference; lastKnownFileType = file.storyboard; name = Base; path = Base.lproj/Main.storyboard; sourceTree = "<group>"; };
		AE02AA4923798E8000185B47 /* Assets.xcassets */ = {isa = PBXFileReference; lastKnownFileType = folder.assetcatalog; path = Assets.xcassets; sourceTree = "<group>"; };
		AE02AA4C23798E8000185B47 /* Base */ = {isa = PBXFileReference; lastKnownFileType = file.storyboard; name = Base; path = Base.lproj/LaunchScreen.storyboard; sourceTree = "<group>"; };
		AE02AA4E23798E8000185B47 /* Info.plist */ = {isa = PBXFileReference; lastKnownFileType = text.plist.xml; path = Info.plist; sourceTree = "<group>"; };
		AE02AA5323798E8000185B47 /* letsmovieTests.xctest */ = {isa = PBXFileReference; explicitFileType = wrapper.cfbundle; includeInIndex = 0; path = letsmovieTests.xctest; sourceTree = BUILT_PRODUCTS_DIR; };
		AE02AA5723798E8000185B47 /* letsmovieTests.swift */ = {isa = PBXFileReference; lastKnownFileType = sourcecode.swift; path = letsmovieTests.swift; sourceTree = "<group>"; };
		AE02AA5923798E8000185B47 /* Info.plist */ = {isa = PBXFileReference; lastKnownFileType = text.plist.xml; path = Info.plist; sourceTree = "<group>"; };
		AE7F01A42383E5FB0030F1F2 /* DiscoverPosterSection.swift */ = {isa = PBXFileReference; lastKnownFileType = sourcecode.swift; path = DiscoverPosterSection.swift; sourceTree = "<group>"; };
		AE7F01A62383FB3E0030F1F2 /* SeeAllFooter.swift */ = {isa = PBXFileReference; lastKnownFileType = sourcecode.swift; path = SeeAllFooter.swift; sourceTree = "<group>"; };
		AE7F01A9238525350030F1F2 /* MovieController.swift */ = {isa = PBXFileReference; lastKnownFileType = sourcecode.swift; path = MovieController.swift; sourceTree = "<group>"; };
		AE7F01AB23854A6B0030F1F2 /* StretchyHeaderFlowLayout.swift */ = {isa = PBXFileReference; lastKnownFileType = sourcecode.swift; path = StretchyHeaderFlowLayout.swift; sourceTree = "<group>"; };
		AE7F01AD238585500030F1F2 /* MovieHeader.swift */ = {isa = PBXFileReference; lastKnownFileType = sourcecode.swift; path = MovieHeader.swift; sourceTree = "<group>"; };
		AEBB5509237C106800E1B957 /* ViewModelBindableType.swift */ = {isa = PBXFileReference; lastKnownFileType = sourcecode.swift; path = ViewModelBindableType.swift; sourceTree = "<group>"; };
		AEBB550C237C11C800E1B957 /* BaseTabBarController.swift */ = {isa = PBXFileReference; lastKnownFileType = sourcecode.swift; path = BaseTabBarController.swift; sourceTree = "<group>"; };
		AEBB5510237C129200E1B957 /* DiscoverController.swift */ = {isa = PBXFileReference; lastKnownFileType = sourcecode.swift; path = DiscoverController.swift; sourceTree = "<group>"; };
		AEBB5512237C12B200E1B957 /* MeController.swift */ = {isa = PBXFileReference; lastKnownFileType = sourcecode.swift; path = MeController.swift; sourceTree = "<group>"; };
		AEBB5515237D5AD900E1B957 /* PageCell.swift */ = {isa = PBXFileReference; lastKnownFileType = sourcecode.swift; path = PageCell.swift; sourceTree = "<group>"; };
		AEBB5519237D6AA800E1B957 /* PosterController.swift */ = {isa = PBXFileReference; lastKnownFileType = sourcecode.swift; path = PosterController.swift; sourceTree = "<group>"; };
		AEBB551B237D6EA300E1B957 /* PosterCell.swift */ = {isa = PBXFileReference; lastKnownFileType = sourcecode.swift; path = PosterCell.swift; sourceTree = "<group>"; };
		AEBB551D237D79EC00E1B957 /* DiscoverHeader.swift */ = {isa = PBXFileReference; lastKnownFileType = sourcecode.swift; path = DiscoverHeader.swift; sourceTree = "<group>"; };
		AEBB5521237D80CF00E1B957 /* DiscoverCell.swift */ = {isa = PBXFileReference; lastKnownFileType = sourcecode.swift; path = DiscoverCell.swift; sourceTree = "<group>"; };
		AEBB5523237D821300E1B957 /* DiscoverPosterController.swift */ = {isa = PBXFileReference; lastKnownFileType = sourcecode.swift; path = DiscoverPosterController.swift; sourceTree = "<group>"; };
		AEBB5525237DC56300E1B957 /* SnappingHorizontalFlowLayout.swift */ = {isa = PBXFileReference; lastKnownFileType = sourcecode.swift; path = SnappingHorizontalFlowLayout.swift; sourceTree = "<group>"; };
		AEBB552E237E99D500E1B957 /* Keys.swift */ = {isa = PBXFileReference; lastKnownFileType = sourcecode.swift; path = Keys.swift; sourceTree = "<group>"; };
		AEBB5530237E9A2600E1B957 /* Router.swift */ = {isa = PBXFileReference; lastKnownFileType = sourcecode.swift; path = Router.swift; sourceTree = "<group>"; };
		AEBB5532237EBB7900E1B957 /* ApiManager.swift */ = {isa = PBXFileReference; lastKnownFileType = sourcecode.swift; path = ApiManager.swift; sourceTree = "<group>"; };
		AEBB5535237EE69B00E1B957 /* DiscoverViewModel.swift */ = {isa = PBXFileReference; lastKnownFileType = sourcecode.swift; path = DiscoverViewModel.swift; sourceTree = "<group>"; };
		AEBB553723829D1400E1B957 /* DiscoverSection.swift */ = {isa = PBXFileReference; lastKnownFileType = sourcecode.swift; path = DiscoverSection.swift; sourceTree = "<group>"; };
		AEBB55392382B06300E1B957 /* DiscoverPosterViewModel.swift */ = {isa = PBXFileReference; lastKnownFileType = sourcecode.swift; path = DiscoverPosterViewModel.swift; sourceTree = "<group>"; };
		AEBB553B2382C1F500E1B957 /* DiscoverPoster.swift */ = {isa = PBXFileReference; lastKnownFileType = sourcecode.swift; path = DiscoverPoster.swift; sourceTree = "<group>"; };
		AEBB553D238320A800E1B957 /* DiscoverSeeAllController.swift */ = {isa = PBXFileReference; lastKnownFileType = sourcecode.swift; path = DiscoverSeeAllController.swift; sourceTree = "<group>"; };
		AEBB55412383262400E1B957 /* BackEnabledNavigationController.swift */ = {isa = PBXFileReference; lastKnownFileType = sourcecode.swift; path = BackEnabledNavigationController.swift; sourceTree = "<group>"; };
		FF3682695E62EBC69ADAF966 /* Pods_letsmovieTests.framework */ = {isa = PBXFileReference; explicitFileType = wrapper.framework; includeInIndex = 0; path = Pods_letsmovieTests.framework; sourceTree = BUILT_PRODUCTS_DIR; };
/* End PBXFileReference section */

/* Begin PBXFrameworksBuildPhase section */
		AE02AA3A23798E8000185B47 /* Frameworks */ = {
			isa = PBXFrameworksBuildPhase;
			buildActionMask = 2147483647;
			files = (
				28FE30F206BFF4F11BF0255E /* Pods_letsmovie.framework in Frameworks */,
			);
			runOnlyForDeploymentPostprocessing = 0;
		};
		AE02AA5023798E8000185B47 /* Frameworks */ = {
			isa = PBXFrameworksBuildPhase;
			buildActionMask = 2147483647;
			files = (
				311EEADEDEBA5CC9F18AAF51 /* Pods_letsmovieTests.framework in Frameworks */,
			);
			runOnlyForDeploymentPostprocessing = 0;
		};
/* End PBXFrameworksBuildPhase section */

/* Begin PBXGroup section */
		2232035D189B811EAA66034E /* Pods */ = {
			isa = PBXGroup;
			children = (
				1A9F436751D9597C6D631FB0 /* Pods-letsmovie.debug.xcconfig */,
				904D584F5C4C4FFABFC6D36F /* Pods-letsmovie.release.xcconfig */,
				5DE22832A3D1E39A726AE8E5 /* Pods-letsmovieTests.debug.xcconfig */,
				305906384839D7A293D166A5 /* Pods-letsmovieTests.release.xcconfig */,
			);
			path = Pods;
			sourceTree = "<group>";
		};
		3E9542A86EBF5453F79C6383 /* Frameworks */ = {
			isa = PBXGroup;
			children = (
				2BE8F6C5677D4A2209F3A165 /* Pods_letsmovie.framework */,
				FF3682695E62EBC69ADAF966 /* Pods_letsmovieTests.framework */,
			);
			name = Frameworks;
			sourceTree = "<group>";
		};
		AE02AA3423798E8000185B47 = {
			isa = PBXGroup;
			children = (
				AE02AA3F23798E8000185B47 /* letsmovie */,
				AE02AA5623798E8000185B47 /* letsmovieTests */,
				AE02AA3E23798E8000185B47 /* Products */,
				2232035D189B811EAA66034E /* Pods */,
				3E9542A86EBF5453F79C6383 /* Frameworks */,
			);
			sourceTree = "<group>";
		};
		AE02AA3E23798E8000185B47 /* Products */ = {
			isa = PBXGroup;
			children = (
				AE02AA3D23798E8000185B47 /* letsmovie.app */,
				AE02AA5323798E8000185B47 /* letsmovieTests.xctest */,
			);
			name = Products;
			sourceTree = "<group>";
		};
		AE02AA3F23798E8000185B47 /* letsmovie */ = {
			isa = PBXGroup;
			children = (
				AEBB5527237E971E00E1B957 /* Constants */,
				AE02AA65237BF90400185B47 /* Service */,
				AE02AA66237BF90C00185B47 /* Scene */,
				AE02AA64237BF90100185B47 /* Model */,
				AE02AA63237BF8FC00185B47 /* View */,
				AE02AA62237BF8F300185B47 /* ViewModel */,
				AE02AA4023798E8000185B47 /* AppDelegate.swift */,
				AE02AA4223798E8000185B47 /* SceneDelegate.swift */,
				AE02AA4623798E8000185B47 /* Main.storyboard */,
				AE02AA4923798E8000185B47 /* Assets.xcassets */,
				AE02AA4B23798E8000185B47 /* LaunchScreen.storyboard */,
				AE02AA4E23798E8000185B47 /* Info.plist */,
			);
			path = letsmovie;
			sourceTree = "<group>";
		};
		AE02AA5623798E8000185B47 /* letsmovieTests */ = {
			isa = PBXGroup;
			children = (
				AE02AA5723798E8000185B47 /* letsmovieTests.swift */,
				AE02AA5923798E8000185B47 /* Info.plist */,
			);
			path = letsmovieTests;
			sourceTree = "<group>";
		};
		AE02AA62237BF8F300185B47 /* ViewModel */ = {
			isa = PBXGroup;
			children = (
				AEBB5534237EE68900E1B957 /* Discover */,
			);
			path = ViewModel;
			sourceTree = "<group>";
		};
		AE02AA63237BF8FC00185B47 /* View */ = {
			isa = PBXGroup;
			children = (
				AE7F01A82385251D0030F1F2 /* Movie */,
				AEBB550F237C128200E1B957 /* Me */,
				AEBB550E237C127700E1B957 /* Discover */,
				AEBB550B237C119E00E1B957 /* TabBar */,
				AEBB5509237C106800E1B957 /* ViewModelBindableType.swift */,
				AEBB5525237DC56300E1B957 /* SnappingHorizontalFlowLayout.swift */,
				AEBB55412383262400E1B957 /* BackEnabledNavigationController.swift */,
				AE7F01AB23854A6B0030F1F2 /* StretchyHeaderFlowLayout.swift */,
			);
			path = View;
			sourceTree = "<group>";
		};
		AE02AA64237BF90100185B47 /* Model */ = {
			isa = PBXGroup;
			children = (
				AEBB553723829D1400E1B957 /* DiscoverSection.swift */,
				AEBB553B2382C1F500E1B957 /* DiscoverPoster.swift */,
				AE7F01A42383E5FB0030F1F2 /* DiscoverPosterSection.swift */,
			);
			path = Model;
			sourceTree = "<group>";
		};
		AE02AA65237BF90400185B47 /* Service */ = {
			isa = PBXGroup;
			children = (
				AEBB5530237E9A2600E1B957 /* Router.swift */,
				AEBB5532237EBB7900E1B957 /* ApiManager.swift */,
			);
			path = Service;
			sourceTree = "<group>";
		};
		AE02AA66237BF90C00185B47 /* Scene */ = {
			isa = PBXGroup;
			children = (
			);
			path = Scene;
			sourceTree = "<group>";
		};
		AE7F01A82385251D0030F1F2 /* Movie */ = {
			isa = PBXGroup;
			children = (
				AE7F01A9238525350030F1F2 /* MovieController.swift */,
				AE7F01AD238585500030F1F2 /* MovieHeader.swift */,
			);
			path = Movie;
			sourceTree = "<group>";
		};
		AEBB550B237C119E00E1B957 /* TabBar */ = {
			isa = PBXGroup;
			children = (
				AEBB550C237C11C800E1B957 /* BaseTabBarController.swift */,
			);
			path = TabBar;
			sourceTree = "<group>";
		};
		AEBB550E237C127700E1B957 /* Discover */ = {
			isa = PBXGroup;
			children = (
				AEBB5510237C129200E1B957 /* DiscoverController.swift */,
				AEBB551D237D79EC00E1B957 /* DiscoverHeader.swift */,
				AEBB5521237D80CF00E1B957 /* DiscoverCell.swift */,
				AEBB5523237D821300E1B957 /* DiscoverPosterController.swift */,
				AEBB553D238320A800E1B957 /* DiscoverSeeAllController.swift */,
				AE7F01A62383FB3E0030F1F2 /* SeeAllFooter.swift */,
			);
			path = Discover;
			sourceTree = "<group>";
		};
		AEBB550F237C128200E1B957 /* Me */ = {
			isa = PBXGroup;
			children = (
				AEBB5514237D5AC400E1B957 /* Page */,
				AEBB5512237C12B200E1B957 /* MeController.swift */,
			);
			path = Me;
			sourceTree = "<group>";
		};
		AEBB5514237D5AC400E1B957 /* Page */ = {
			isa = PBXGroup;
			children = (
				AEBB5515237D5AD900E1B957 /* PageCell.swift */,
				AEBB5519237D6AA800E1B957 /* PosterController.swift */,
				AEBB551B237D6EA300E1B957 /* PosterCell.swift */,
			);
			path = Page;
			sourceTree = "<group>";
		};
		AEBB5527237E971E00E1B957 /* Constants */ = {
			isa = PBXGroup;
			children = (
				AEBB552E237E99D500E1B957 /* Keys.swift */,
			);
			path = Constants;
			sourceTree = "<group>";
		};
		AEBB5534237EE68900E1B957 /* Discover */ = {
			isa = PBXGroup;
			children = (
				AEBB5535237EE69B00E1B957 /* DiscoverViewModel.swift */,
				AEBB55392382B06300E1B957 /* DiscoverPosterViewModel.swift */,
			);
			path = Discover;
			sourceTree = "<group>";
		};
/* End PBXGroup section */

/* Begin PBXNativeTarget section */
		AE02AA3C23798E8000185B47 /* letsmovie */ = {
			isa = PBXNativeTarget;
			buildConfigurationList = AE02AA5C23798E8000185B47 /* Build configuration list for PBXNativeTarget "letsmovie" */;
			buildPhases = (
				9EDEC3FC598553DC94972B6F /* [CP] Check Pods Manifest.lock */,
				AE02AA3923798E8000185B47 /* Sources */,
				AE02AA3A23798E8000185B47 /* Frameworks */,
				AE02AA3B23798E8000185B47 /* Resources */,
				C2311CDCBD186D170479C567 /* [CP] Embed Pods Frameworks */,
			);
			buildRules = (
			);
			dependencies = (
			);
			name = letsmovie;
			productName = letsmovie;
			productReference = AE02AA3D23798E8000185B47 /* letsmovie.app */;
			productType = "com.apple.product-type.application";
		};
		AE02AA5223798E8000185B47 /* letsmovieTests */ = {
			isa = PBXNativeTarget;
			buildConfigurationList = AE02AA5F23798E8000185B47 /* Build configuration list for PBXNativeTarget "letsmovieTests" */;
			buildPhases = (
				9B032F2C9FE2A6516AE7A508 /* [CP] Check Pods Manifest.lock */,
				AE02AA4F23798E8000185B47 /* Sources */,
				AE02AA5023798E8000185B47 /* Frameworks */,
				AE02AA5123798E8000185B47 /* Resources */,
			);
			buildRules = (
			);
			dependencies = (
				AE02AA5523798E8000185B47 /* PBXTargetDependency */,
			);
			name = letsmovieTests;
			productName = letsmovieTests;
			productReference = AE02AA5323798E8000185B47 /* letsmovieTests.xctest */;
			productType = "com.apple.product-type.bundle.unit-test";
		};
/* End PBXNativeTarget section */

/* Begin PBXProject section */
		AE02AA3523798E8000185B47 /* Project object */ = {
			isa = PBXProject;
			attributes = {
				LastSwiftUpdateCheck = 1120;
				LastUpgradeCheck = 1120;
				ORGANIZATIONNAME = "Panupong Kukutapan";
				TargetAttributes = {
					AE02AA3C23798E8000185B47 = {
						CreatedOnToolsVersion = 11.2;
					};
					AE02AA5223798E8000185B47 = {
						CreatedOnToolsVersion = 11.2;
						TestTargetID = AE02AA3C23798E8000185B47;
					};
				};
			};
			buildConfigurationList = AE02AA3823798E8000185B47 /* Build configuration list for PBXProject "letsmovie" */;
			compatibilityVersion = "Xcode 9.3";
			developmentRegion = en;
			hasScannedForEncodings = 0;
			knownRegions = (
				en,
				Base,
			);
			mainGroup = AE02AA3423798E8000185B47;
			productRefGroup = AE02AA3E23798E8000185B47 /* Products */;
			projectDirPath = "";
			projectRoot = "";
			targets = (
				AE02AA3C23798E8000185B47 /* letsmovie */,
				AE02AA5223798E8000185B47 /* letsmovieTests */,
			);
		};
/* End PBXProject section */

/* Begin PBXResourcesBuildPhase section */
		AE02AA3B23798E8000185B47 /* Resources */ = {
			isa = PBXResourcesBuildPhase;
			buildActionMask = 2147483647;
			files = (
				AE02AA4D23798E8000185B47 /* LaunchScreen.storyboard in Resources */,
				AE02AA4A23798E8000185B47 /* Assets.xcassets in Resources */,
				AE02AA4823798E8000185B47 /* Main.storyboard in Resources */,
			);
			runOnlyForDeploymentPostprocessing = 0;
		};
		AE02AA5123798E8000185B47 /* Resources */ = {
			isa = PBXResourcesBuildPhase;
			buildActionMask = 2147483647;
			files = (
			);
			runOnlyForDeploymentPostprocessing = 0;
		};
/* End PBXResourcesBuildPhase section */

/* Begin PBXShellScriptBuildPhase section */
		9B032F2C9FE2A6516AE7A508 /* [CP] Check Pods Manifest.lock */ = {
			isa = PBXShellScriptBuildPhase;
			buildActionMask = 2147483647;
			files = (
			);
			inputFileListPaths = (
			);
			inputPaths = (
				"${PODS_PODFILE_DIR_PATH}/Podfile.lock",
				"${PODS_ROOT}/Manifest.lock",
			);
			name = "[CP] Check Pods Manifest.lock";
			outputFileListPaths = (
			);
			outputPaths = (
				"$(DERIVED_FILE_DIR)/Pods-letsmovieTests-checkManifestLockResult.txt",
			);
			runOnlyForDeploymentPostprocessing = 0;
			shellPath = /bin/sh;
			shellScript = "diff \"${PODS_PODFILE_DIR_PATH}/Podfile.lock\" \"${PODS_ROOT}/Manifest.lock\" > /dev/null\nif [ $? != 0 ] ; then\n    # print error to STDERR\n    echo \"error: The sandbox is not in sync with the Podfile.lock. Run 'pod install' or update your CocoaPods installation.\" >&2\n    exit 1\nfi\n# This output is used by Xcode 'outputs' to avoid re-running this script phase.\necho \"SUCCESS\" > \"${SCRIPT_OUTPUT_FILE_0}\"\n";
			showEnvVarsInLog = 0;
		};
		9EDEC3FC598553DC94972B6F /* [CP] Check Pods Manifest.lock */ = {
			isa = PBXShellScriptBuildPhase;
			buildActionMask = 2147483647;
			files = (
			);
			inputFileListPaths = (
			);
			inputPaths = (
				"${PODS_PODFILE_DIR_PATH}/Podfile.lock",
				"${PODS_ROOT}/Manifest.lock",
			);
			name = "[CP] Check Pods Manifest.lock";
			outputFileListPaths = (
			);
			outputPaths = (
				"$(DERIVED_FILE_DIR)/Pods-letsmovie-checkManifestLockResult.txt",
			);
			runOnlyForDeploymentPostprocessing = 0;
			shellPath = /bin/sh;
			shellScript = "diff \"${PODS_PODFILE_DIR_PATH}/Podfile.lock\" \"${PODS_ROOT}/Manifest.lock\" > /dev/null\nif [ $? != 0 ] ; then\n    # print error to STDERR\n    echo \"error: The sandbox is not in sync with the Podfile.lock. Run 'pod install' or update your CocoaPods installation.\" >&2\n    exit 1\nfi\n# This output is used by Xcode 'outputs' to avoid re-running this script phase.\necho \"SUCCESS\" > \"${SCRIPT_OUTPUT_FILE_0}\"\n";
			showEnvVarsInLog = 0;
		};
		C2311CDCBD186D170479C567 /* [CP] Embed Pods Frameworks */ = {
			isa = PBXShellScriptBuildPhase;
			buildActionMask = 2147483647;
			files = (
			);
			inputFileListPaths = (
				"${PODS_ROOT}/Target Support Files/Pods-letsmovie/Pods-letsmovie-frameworks-${CONFIGURATION}-input-files.xcfilelist",
			);
			name = "[CP] Embed Pods Frameworks";
			outputFileListPaths = (
				"${PODS_ROOT}/Target Support Files/Pods-letsmovie/Pods-letsmovie-frameworks-${CONFIGURATION}-output-files.xcfilelist",
			);
			runOnlyForDeploymentPostprocessing = 0;
			shellPath = /bin/sh;
			shellScript = "\"${PODS_ROOT}/Target Support Files/Pods-letsmovie/Pods-letsmovie-frameworks.sh\"\n";
			showEnvVarsInLog = 0;
		};
/* End PBXShellScriptBuildPhase section */

/* Begin PBXSourcesBuildPhase section */
		AE02AA3923798E8000185B47 /* Sources */ = {
			isa = PBXSourcesBuildPhase;
			buildActionMask = 2147483647;
			files = (
				AEBB55422383262400E1B957 /* BackEnabledNavigationController.swift in Sources */,
				AEBB5533237EBB7900E1B957 /* ApiManager.swift in Sources */,
				AEBB5511237C129200E1B957 /* DiscoverController.swift in Sources */,
				AEBB551E237D79EC00E1B957 /* DiscoverHeader.swift in Sources */,
				AEBB5522237D80CF00E1B957 /* DiscoverCell.swift in Sources */,
				AEBB550A237C106800E1B957 /* ViewModelBindableType.swift in Sources */,
				AE7F01AC23854A6B0030F1F2 /* StretchyHeaderFlowLayout.swift in Sources */,
				AEBB551C237D6EA300E1B957 /* PosterCell.swift in Sources */,
				AEBB551A237D6AA800E1B957 /* PosterController.swift in Sources */,
				AEBB553A2382B06300E1B957 /* DiscoverPosterViewModel.swift in Sources */,
				AEBB550D237C11C800E1B957 /* BaseTabBarController.swift in Sources */,
				AEBB5531237E9A2600E1B957 /* Router.swift in Sources */,
				AEBB5516237D5AD900E1B957 /* PageCell.swift in Sources */,
				AE7F01A52383E5FB0030F1F2 /* DiscoverPosterSection.swift in Sources */,
				AEBB553C2382C1F500E1B957 /* DiscoverPoster.swift in Sources */,
				AEBB553823829D1400E1B957 /* DiscoverSection.swift in Sources */,
				AEBB553E238320A800E1B957 /* DiscoverSeeAllController.swift in Sources */,
				AEBB5513237C12B300E1B957 /* MeController.swift in Sources */,
				AEBB5526237DC56300E1B957 /* SnappingHorizontalFlowLayout.swift in Sources */,
				AE7F01A72383FB3E0030F1F2 /* SeeAllFooter.swift in Sources */,
				AEBB5524237D821300E1B957 /* DiscoverPosterController.swift in Sources */,
				AEBB552F237E99D500E1B957 /* Keys.swift in Sources */,
				AE7F01AA238525350030F1F2 /* MovieController.swift in Sources */,
				AE02AA4123798E8000185B47 /* AppDelegate.swift in Sources */,
				AE02AA4323798E8000185B47 /* SceneDelegate.swift in Sources */,
				AEBB5536237EE69B00E1B957 /* DiscoverViewModel.swift in Sources */,
				AE7F01AE238585500030F1F2 /* MovieHeader.swift in Sources */,
			);
			runOnlyForDeploymentPostprocessing = 0;
		};
		AE02AA4F23798E8000185B47 /* Sources */ = {
			isa = PBXSourcesBuildPhase;
			buildActionMask = 2147483647;
			files = (
				AE02AA5823798E8000185B47 /* letsmovieTests.swift in Sources */,
			);
			runOnlyForDeploymentPostprocessing = 0;
		};
/* End PBXSourcesBuildPhase section */

/* Begin PBXTargetDependency section */
		AE02AA5523798E8000185B47 /* PBXTargetDependency */ = {
			isa = PBXTargetDependency;
			target = AE02AA3C23798E8000185B47 /* letsmovie */;
			targetProxy = AE02AA5423798E8000185B47 /* PBXContainerItemProxy */;
		};
/* End PBXTargetDependency section */

/* Begin PBXVariantGroup section */
		AE02AA4623798E8000185B47 /* Main.storyboard */ = {
			isa = PBXVariantGroup;
			children = (
				AE02AA4723798E8000185B47 /* Base */,
			);
			name = Main.storyboard;
			sourceTree = "<group>";
		};
		AE02AA4B23798E8000185B47 /* LaunchScreen.storyboard */ = {
			isa = PBXVariantGroup;
			children = (
				AE02AA4C23798E8000185B47 /* Base */,
			);
			name = LaunchScreen.storyboard;
			sourceTree = "<group>";
		};
/* End PBXVariantGroup section */

/* Begin XCBuildConfiguration section */
		AE02AA5A23798E8000185B47 /* Debug */ = {
			isa = XCBuildConfiguration;
			buildSettings = {
				ALWAYS_SEARCH_USER_PATHS = NO;
				CLANG_ANALYZER_NONNULL = YES;
				CLANG_ANALYZER_NUMBER_OBJECT_CONVERSION = YES_AGGRESSIVE;
				CLANG_CXX_LANGUAGE_STANDARD = "gnu++14";
				CLANG_CXX_LIBRARY = "libc++";
				CLANG_ENABLE_MODULES = YES;
				CLANG_ENABLE_OBJC_ARC = YES;
				CLANG_ENABLE_OBJC_WEAK = YES;
				CLANG_WARN_BLOCK_CAPTURE_AUTORELEASING = YES;
				CLANG_WARN_BOOL_CONVERSION = YES;
				CLANG_WARN_COMMA = YES;
				CLANG_WARN_CONSTANT_CONVERSION = YES;
				CLANG_WARN_DEPRECATED_OBJC_IMPLEMENTATIONS = YES;
				CLANG_WARN_DIRECT_OBJC_ISA_USAGE = YES_ERROR;
				CLANG_WARN_DOCUMENTATION_COMMENTS = YES;
				CLANG_WARN_EMPTY_BODY = YES;
				CLANG_WARN_ENUM_CONVERSION = YES;
				CLANG_WARN_INFINITE_RECURSION = YES;
				CLANG_WARN_INT_CONVERSION = YES;
				CLANG_WARN_NON_LITERAL_NULL_CONVERSION = YES;
				CLANG_WARN_OBJC_IMPLICIT_RETAIN_SELF = YES;
				CLANG_WARN_OBJC_LITERAL_CONVERSION = YES;
				CLANG_WARN_OBJC_ROOT_CLASS = YES_ERROR;
				CLANG_WARN_RANGE_LOOP_ANALYSIS = YES;
				CLANG_WARN_STRICT_PROTOTYPES = YES;
				CLANG_WARN_SUSPICIOUS_MOVE = YES;
				CLANG_WARN_UNGUARDED_AVAILABILITY = YES_AGGRESSIVE;
				CLANG_WARN_UNREACHABLE_CODE = YES;
				CLANG_WARN__DUPLICATE_METHOD_MATCH = YES;
				COPY_PHASE_STRIP = NO;
				DEBUG_INFORMATION_FORMAT = dwarf;
				ENABLE_STRICT_OBJC_MSGSEND = YES;
				ENABLE_TESTABILITY = YES;
				GCC_C_LANGUAGE_STANDARD = gnu11;
				GCC_DYNAMIC_NO_PIC = NO;
				GCC_NO_COMMON_BLOCKS = YES;
				GCC_OPTIMIZATION_LEVEL = 0;
				GCC_PREPROCESSOR_DEFINITIONS = (
					"DEBUG=1",
					"$(inherited)",
				);
				GCC_WARN_64_TO_32_BIT_CONVERSION = YES;
				GCC_WARN_ABOUT_RETURN_TYPE = YES_ERROR;
				GCC_WARN_UNDECLARED_SELECTOR = YES;
				GCC_WARN_UNINITIALIZED_AUTOS = YES_AGGRESSIVE;
				GCC_WARN_UNUSED_FUNCTION = YES;
				GCC_WARN_UNUSED_VARIABLE = YES;
				IPHONEOS_DEPLOYMENT_TARGET = 13.2;
				MTL_ENABLE_DEBUG_INFO = INCLUDE_SOURCE;
				MTL_FAST_MATH = YES;
				ONLY_ACTIVE_ARCH = YES;
				SDKROOT = iphoneos;
				SWIFT_ACTIVE_COMPILATION_CONDITIONS = DEBUG;
				SWIFT_OPTIMIZATION_LEVEL = "-Onone";
			};
			name = Debug;
		};
		AE02AA5B23798E8000185B47 /* Release */ = {
			isa = XCBuildConfiguration;
			buildSettings = {
				ALWAYS_SEARCH_USER_PATHS = NO;
				CLANG_ANALYZER_NONNULL = YES;
				CLANG_ANALYZER_NUMBER_OBJECT_CONVERSION = YES_AGGRESSIVE;
				CLANG_CXX_LANGUAGE_STANDARD = "gnu++14";
				CLANG_CXX_LIBRARY = "libc++";
				CLANG_ENABLE_MODULES = YES;
				CLANG_ENABLE_OBJC_ARC = YES;
				CLANG_ENABLE_OBJC_WEAK = YES;
				CLANG_WARN_BLOCK_CAPTURE_AUTORELEASING = YES;
				CLANG_WARN_BOOL_CONVERSION = YES;
				CLANG_WARN_COMMA = YES;
				CLANG_WARN_CONSTANT_CONVERSION = YES;
				CLANG_WARN_DEPRECATED_OBJC_IMPLEMENTATIONS = YES;
				CLANG_WARN_DIRECT_OBJC_ISA_USAGE = YES_ERROR;
				CLANG_WARN_DOCUMENTATION_COMMENTS = YES;
				CLANG_WARN_EMPTY_BODY = YES;
				CLANG_WARN_ENUM_CONVERSION = YES;
				CLANG_WARN_INFINITE_RECURSION = YES;
				CLANG_WARN_INT_CONVERSION = YES;
				CLANG_WARN_NON_LITERAL_NULL_CONVERSION = YES;
				CLANG_WARN_OBJC_IMPLICIT_RETAIN_SELF = YES;
				CLANG_WARN_OBJC_LITERAL_CONVERSION = YES;
				CLANG_WARN_OBJC_ROOT_CLASS = YES_ERROR;
				CLANG_WARN_RANGE_LOOP_ANALYSIS = YES;
				CLANG_WARN_STRICT_PROTOTYPES = YES;
				CLANG_WARN_SUSPICIOUS_MOVE = YES;
				CLANG_WARN_UNGUARDED_AVAILABILITY = YES_AGGRESSIVE;
				CLANG_WARN_UNREACHABLE_CODE = YES;
				CLANG_WARN__DUPLICATE_METHOD_MATCH = YES;
				COPY_PHASE_STRIP = NO;
				DEBUG_INFORMATION_FORMAT = "dwarf-with-dsym";
				ENABLE_NS_ASSERTIONS = NO;
				ENABLE_STRICT_OBJC_MSGSEND = YES;
				GCC_C_LANGUAGE_STANDARD = gnu11;
				GCC_NO_COMMON_BLOCKS = YES;
				GCC_WARN_64_TO_32_BIT_CONVERSION = YES;
				GCC_WARN_ABOUT_RETURN_TYPE = YES_ERROR;
				GCC_WARN_UNDECLARED_SELECTOR = YES;
				GCC_WARN_UNINITIALIZED_AUTOS = YES_AGGRESSIVE;
				GCC_WARN_UNUSED_FUNCTION = YES;
				GCC_WARN_UNUSED_VARIABLE = YES;
				IPHONEOS_DEPLOYMENT_TARGET = 13.2;
				MTL_ENABLE_DEBUG_INFO = NO;
				MTL_FAST_MATH = YES;
				SDKROOT = iphoneos;
				SWIFT_COMPILATION_MODE = wholemodule;
				SWIFT_OPTIMIZATION_LEVEL = "-O";
				VALIDATE_PRODUCT = YES;
			};
			name = Release;
		};
		AE02AA5D23798E8000185B47 /* Debug */ = {
			isa = XCBuildConfiguration;
			baseConfigurationReference = 1A9F436751D9597C6D631FB0 /* Pods-letsmovie.debug.xcconfig */;
			buildSettings = {
				ASSETCATALOG_COMPILER_APPICON_NAME = AppIcon;
				CODE_SIGN_STYLE = Automatic;
				DEVELOPMENT_TEAM = E2CA3WLEVM;
				INFOPLIST_FILE = letsmovie/Info.plist;
				LD_RUNPATH_SEARCH_PATHS = (
					"$(inherited)",
					"@executable_path/Frameworks",
				);
				PRODUCT_BUNDLE_IDENTIFIER = com.paku.letsmovie;
				PRODUCT_NAME = "$(TARGET_NAME)";
				SWIFT_VERSION = 5.0;
				TARGETED_DEVICE_FAMILY = "1,2";
			};
			name = Debug;
		};
		AE02AA5E23798E8000185B47 /* Release */ = {
			isa = XCBuildConfiguration;
			baseConfigurationReference = 904D584F5C4C4FFABFC6D36F /* Pods-letsmovie.release.xcconfig */;
			buildSettings = {
				ASSETCATALOG_COMPILER_APPICON_NAME = AppIcon;
				CODE_SIGN_STYLE = Automatic;
				DEVELOPMENT_TEAM = E2CA3WLEVM;
				INFOPLIST_FILE = letsmovie/Info.plist;
				LD_RUNPATH_SEARCH_PATHS = (
					"$(inherited)",
					"@executable_path/Frameworks",
				);
				PRODUCT_BUNDLE_IDENTIFIER = com.paku.letsmovie;
				PRODUCT_NAME = "$(TARGET_NAME)";
				SWIFT_VERSION = 5.0;
				TARGETED_DEVICE_FAMILY = "1,2";
			};
			name = Release;
		};
		AE02AA6023798E8000185B47 /* Debug */ = {
			isa = XCBuildConfiguration;
			baseConfigurationReference = 5DE22832A3D1E39A726AE8E5 /* Pods-letsmovieTests.debug.xcconfig */;
			buildSettings = {
				ALWAYS_EMBED_SWIFT_STANDARD_LIBRARIES = YES;
				BUNDLE_LOADER = "$(TEST_HOST)";
				CODE_SIGN_STYLE = Automatic;
				DEVELOPMENT_TEAM = E2CA3WLEVM;
				INFOPLIST_FILE = letsmovieTests/Info.plist;
				IPHONEOS_DEPLOYMENT_TARGET = 13.2;
				LD_RUNPATH_SEARCH_PATHS = (
					"$(inherited)",
					"@executable_path/Frameworks",
					"@loader_path/Frameworks",
				);
				PRODUCT_BUNDLE_IDENTIFIER = com.paku.letsmovieTests;
				PRODUCT_NAME = "$(TARGET_NAME)";
				SWIFT_VERSION = 5.0;
				TARGETED_DEVICE_FAMILY = "1,2";
				TEST_HOST = "$(BUILT_PRODUCTS_DIR)/letsmovie.app/letsmovie";
			};
			name = Debug;
		};
		AE02AA6123798E8000185B47 /* Release */ = {
			isa = XCBuildConfiguration;
			baseConfigurationReference = 305906384839D7A293D166A5 /* Pods-letsmovieTests.release.xcconfig */;
			buildSettings = {
				ALWAYS_EMBED_SWIFT_STANDARD_LIBRARIES = YES;
				BUNDLE_LOADER = "$(TEST_HOST)";
				CODE_SIGN_STYLE = Automatic;
				DEVELOPMENT_TEAM = E2CA3WLEVM;
				INFOPLIST_FILE = letsmovieTests/Info.plist;
				IPHONEOS_DEPLOYMENT_TARGET = 13.2;
				LD_RUNPATH_SEARCH_PATHS = (
					"$(inherited)",
					"@executable_path/Frameworks",
					"@loader_path/Frameworks",
				);
				PRODUCT_BUNDLE_IDENTIFIER = com.paku.letsmovieTests;
				PRODUCT_NAME = "$(TARGET_NAME)";
				SWIFT_VERSION = 5.0;
				TARGETED_DEVICE_FAMILY = "1,2";
				TEST_HOST = "$(BUILT_PRODUCTS_DIR)/letsmovie.app/letsmovie";
			};
			name = Release;
		};
/* End XCBuildConfiguration section */

/* Begin XCConfigurationList section */
		AE02AA3823798E8000185B47 /* Build configuration list for PBXProject "letsmovie" */ = {
			isa = XCConfigurationList;
			buildConfigurations = (
				AE02AA5A23798E8000185B47 /* Debug */,
				AE02AA5B23798E8000185B47 /* Release */,
			);
			defaultConfigurationIsVisible = 0;
			defaultConfigurationName = Release;
		};
		AE02AA5C23798E8000185B47 /* Build configuration list for PBXNativeTarget "letsmovie" */ = {
			isa = XCConfigurationList;
			buildConfigurations = (
				AE02AA5D23798E8000185B47 /* Debug */,
				AE02AA5E23798E8000185B47 /* Release */,
			);
			defaultConfigurationIsVisible = 0;
			defaultConfigurationName = Release;
		};
		AE02AA5F23798E8000185B47 /* Build configuration list for PBXNativeTarget "letsmovieTests" */ = {
			isa = XCConfigurationList;
			buildConfigurations = (
				AE02AA6023798E8000185B47 /* Debug */,
				AE02AA6123798E8000185B47 /* Release */,
			);
			defaultConfigurationIsVisible = 0;
			defaultConfigurationName = Release;
		};
/* End XCConfigurationList section */
	};
	rootObject = AE02AA3523798E8000185B47 /* Project object */;
}
